
Microsoft Visual Studio Solution File, Format Version 12.00
# Visual Studio Version 17
VisualStudioVersion = 17.8.34316.72
MinimumVisualStudioVersion = 10.0.40219.1
Project("{FAE04EC0-301F-11D3-BF4B-00C04F79EFBC}") = "atividade1", "atividade1\atividade1.csproj", "{1693796F-FFF8-4F65-AF20-1310596AE02F}"
EndProject
Global
	GlobalSection(SolutionConfigurationPlatforms) = preSolution
		Debug|Any CPU = Debug|Any CPU
		Release|Any CPU = Release|Any CPU
	EndGlobalSection
	GlobalSection(ProjectConfigurationPlatforms) = postSolution
		{1693796F-FFF8-4F65-AF20-1310596AE02F}.Debug|Any CPU.ActiveCfg = Debug|Any CPU
		{1693796F-FFF8-4F65-AF20-1310596AE02F}.Debug|Any CPU.Build.0 = Debug|Any CPU
		{1693796F-FFF8-4F65-AF20-1310596AE02F}.Release|Any CPU.ActiveCfg = Release|Any CPU
		{1693796F-FFF8-4F65-AF20-1310596AE02F}.Release|Any CPU.Build.0 = Release|Any CPU
	EndGlobalSection
	GlobalSection(SolutionProperties) = preSolution
		HideSolutionNode = FALSE
	EndGlobalSection
	GlobalSection(ExtensibilityGlobals) = postSolution
		SolutionGuid = {8C6AC5B4-3883-4DD8-820C-A67163C7EDAA}
	EndGlobalSection
EndGlobal
